
Microsoft Visual Studio Solution File, Format Version 12.00
# Visual Studio Version 16
VisualStudioVersion = 16.0.30011.22
MinimumVisualStudioVersion = 10.0.40219.1
Project("{FAE04EC0-301F-11D3-BF4B-00C04F79EFBC}") = "PaceCalculator", "PaceCalculator.csproj", "{6E0AE71E-7D2B-4ED4-A201-235B90EED241}"
EndProject
Global
	GlobalSection(SolutionConfigurationPlatforms) = preSolution
		Debug|Any CPU = Debug|Any CPU
		Release|Any CPU = Release|Any CPU
	EndGlobalSection
	GlobalSection(ProjectConfigurationPlatforms) = postSolution
		{6E0AE71E-7D2B-4ED4-A201-235B90EED241}.Debug|Any CPU.ActiveCfg = Debug|Any CPU
		{6E0AE71E-7D2B-4ED4-A201-235B90EED241}.Debug|Any CPU.Build.0 = Debug|Any CPU
		{6E0AE71E-7D2B-4ED4-A201-235B90EED241}.Release|Any CPU.ActiveCfg = Release|Any CPU
		{6E0AE71E-7D2B-4ED4-A201-235B90EED241}.Release|Any CPU.Build.0 = Release|Any CPU
	EndGlobalSection
	GlobalSection(SolutionProperties) = preSolution
		HideSolutionNode = FALSE
	EndGlobalSection
	GlobalSection(ExtensibilityGlobals) = postSolution
		SolutionGuid = {CD16D9DC-E96A-4A47-9CE2-3A0A1C6AB29E}
	EndGlobalSection
EndGlobal
